
Microsoft Visual Studio Solution File, Format Version 12.00
# Visual Studio 15
VisualStudioVersion = 15.0.26430.16
MinimumVisualStudioVersion = 10.0.40219.1
Project("{FAE04EC0-301F-11D3-BF4B-00C04F79EFBC}") = "DataProducer", "DataProducer\DataProducer.csproj", "{C00F45C8-EB57-4184-916E-1E092E3C275E}"
EndProject
Project("{FAE04EC0-301F-11D3-BF4B-00C04F79EFBC}") = "DataProducer.ClientWithConditional", "DataProducer.ClientWithConditional\DataProducer.ClientWithConditional.csproj", "{C777E487-87E3-4D00-8714-B17920B49C13}"
EndProject
Project("{FAE04EC0-301F-11D3-BF4B-00C04F79EFBC}") = "DataProducer.ClientWithoutConditional", "DataProducer.ClientWithoutConditional\DataProducer.ClientWithoutConditional.csproj", "{90BA17D5-A319-4871-8424-071711BF772C}"
EndProject
Global
	GlobalSection(SolutionConfigurationPlatforms) = preSolution
		Debug|Any CPU = Debug|Any CPU
		Release|Any CPU = Release|Any CPU
	EndGlobalSection
	GlobalSection(ProjectConfigurationPlatforms) = postSolution
		{C00F45C8-EB57-4184-916E-1E092E3C275E}.Debug|Any CPU.ActiveCfg = Debug|Any CPU
		{C00F45C8-EB57-4184-916E-1E092E3C275E}.Debug|Any CPU.Build.0 = Debug|Any CPU
		{C00F45C8-EB57-4184-916E-1E092E3C275E}.Release|Any CPU.ActiveCfg = Release|Any CPU
		{C00F45C8-EB57-4184-916E-1E092E3C275E}.Release|Any CPU.Build.0 = Release|Any CPU
		{C777E487-87E3-4D00-8714-B17920B49C13}.Debug|Any CPU.ActiveCfg = Debug|Any CPU
		{C777E487-87E3-4D00-8714-B17920B49C13}.Debug|Any CPU.Build.0 = Debug|Any CPU
		{C777E487-87E3-4D00-8714-B17920B49C13}.Release|Any CPU.ActiveCfg = Release|Any CPU
		{C777E487-87E3-4D00-8714-B17920B49C13}.Release|Any CPU.Build.0 = Release|Any CPU
		{90BA17D5-A319-4871-8424-071711BF772C}.Debug|Any CPU.ActiveCfg = Debug|Any CPU
		{90BA17D5-A319-4871-8424-071711BF772C}.Debug|Any CPU.Build.0 = Debug|Any CPU
		{90BA17D5-A319-4871-8424-071711BF772C}.Release|Any CPU.ActiveCfg = Release|Any CPU
		{90BA17D5-A319-4871-8424-071711BF772C}.Release|Any CPU.Build.0 = Release|Any CPU
	EndGlobalSection
	GlobalSection(SolutionProperties) = preSolution
		HideSolutionNode = FALSE
	EndGlobalSection
EndGlobal
